// !$*UTF8*$!
{
	archiveVersion = 1;
	classes = {
	};
	objectVersion = 50;
	objects = {

/* Begin PBXBuildFile section */
		1412D3512084DAFE008BD01B /* AppDelegate.swift in Sources */ = {isa = PBXBuildFile; fileRef = 1412D3502084DAFE008BD01B /* AppDelegate.swift */; };
		1412D3532084DAFE008BD01B /* ViewController.swift in Sources */ = {isa = PBXBuildFile; fileRef = 1412D3522084DAFE008BD01B /* ViewController.swift */; };
		1412D3562084DAFE008BD01B /* Main.storyboard in Resources */ = {isa = PBXBuildFile; fileRef = 1412D3542084DAFE008BD01B /* Main.storyboard */; };
		1412D3592084DAFE008BD01B /* MovieProject.xcdatamodeld in Sources */ = {isa = PBXBuildFile; fileRef = 1412D3572084DAFE008BD01B /* MovieProject.xcdatamodeld */; };
		1412D35B2084DB13008BD01B /* Assets.xcassets in Resources */ = {isa = PBXBuildFile; fileRef = 1412D35A2084DB13008BD01B /* Assets.xcassets */; };
		1412D35E2084DB13008BD01B /* LaunchScreen.storyboard in Resources */ = {isa = PBXBuildFile; fileRef = 1412D35C2084DB13008BD01B /* LaunchScreen.storyboard */; };
		1412D3692084DB14008BD01B /* MovieProjectTests.swift in Sources */ = {isa = PBXBuildFile; fileRef = 1412D3682084DB14008BD01B /* MovieProjectTests.swift */; };
		1412D3742084DB14008BD01B /* MovieProjectUITests.swift in Sources */ = {isa = PBXBuildFile; fileRef = 1412D3732084DB14008BD01B /* MovieProjectUITests.swift */; };
/* End PBXBuildFile section */

/* Begin PBXContainerItemProxy section */
		1412D3652084DB14008BD01B /* PBXContainerItemProxy */ = {
			isa = PBXContainerItemProxy;
			containerPortal = 1412D3452084DAFD008BD01B /* Project object */;
			proxyType = 1;
			remoteGlobalIDString = 1412D34C2084DAFE008BD01B;
			remoteInfo = MovieProject;
		};
		1412D3702084DB14008BD01B /* PBXContainerItemProxy */ = {
			isa = PBXContainerItemProxy;
			containerPortal = 1412D3452084DAFD008BD01B /* Project object */;
			proxyType = 1;
			remoteGlobalIDString = 1412D34C2084DAFE008BD01B;
			remoteInfo = MovieProject;
		};
/* End PBXContainerItemProxy section */

/* Begin PBXFileReference section */
		1412D34D2084DAFE008BD01B /* MovieProject.app */ = {isa = PBXFileReference; explicitFileType = wrapper.application; includeInIndex = 0; path = MovieProject.app; sourceTree = BUILT_PRODUCTS_DIR; };
		1412D3502084DAFE008BD01B /* AppDelegate.swift */ = {isa = PBXFileReference; lastKnownFileType = sourcecode.swift; path = AppDelegate.swift; sourceTree = "<group>"; };
		1412D3522084DAFE008BD01B /* ViewController.swift */ = {isa = PBXFileReference; lastKnownFileType = sourcecode.swift; path = ViewController.swift; sourceTree = "<group>"; };
		1412D3552084DAFE008BD01B /* Base */ = {isa = PBXFileReference; lastKnownFileType = file.storyboard; name = Base; path = Base.lproj/Main.storyboard; sourceTree = "<group>"; };
		1412D3582084DAFE008BD01B /* MovieProject.xcdatamodel */ = {isa = PBXFileReference; lastKnownFileType = wrapper.xcdatamodel; path = MovieProject.xcdatamodel; sourceTree = "<group>"; };
		1412D35A2084DB13008BD01B /* Assets.xcassets */ = {isa = PBXFileReference; lastKnownFileType = folder.assetcatalog; path = Assets.xcassets; sourceTree = "<group>"; };
		1412D35D2084DB13008BD01B /* Base */ = {isa = PBXFileReference; lastKnownFileType = file.storyboard; name = Base; path = Base.lproj/LaunchScreen.storyboard; sourceTree = "<group>"; };
		1412D35F2084DB13008BD01B /* Info.plist */ = {isa = PBXFileReference; lastKnownFileType = text.plist.xml; path = Info.plist; sourceTree = "<group>"; };
		1412D3642084DB14008BD01B /* MovieProjectTests.xctest */ = {isa = PBXFileReference; explicitFileType = wrapper.cfbundle; includeInIndex = 0; path = MovieProjectTests.xctest; sourceTree = BUILT_PRODUCTS_DIR; };
		1412D3682084DB14008BD01B /* MovieProjectTests.swift */ = {isa = PBXFileReference; lastKnownFileType = sourcecode.swift; path = MovieProjectTests.swift; sourceTree = "<group>"; };
		1412D36A2084DB14008BD01B /* Info.plist */ = {isa = PBXFileReference; lastKnownFileType = text.plist.xml; path = Info.plist; sourceTree = "<group>"; };
		1412D36F2084DB14008BD01B /* MovieProjectUITests.xctest */ = {isa = PBXFileReference; explicitFileType = wrapper.cfbundle; includeInIndex = 0; path = MovieProjectUITests.xctest; sourceTree = BUILT_PRODUCTS_DIR; };
		1412D3732084DB14008BD01B /* MovieProjectUITests.swift */ = {isa = PBXFileReference; lastKnownFileType = sourcecode.swift; path = MovieProjectUITests.swift; sourceTree = "<group>"; };
		1412D3752084DB14008BD01B /* Info.plist */ = {isa = PBXFileReference; lastKnownFileType = text.plist.xml; path = Info.plist; sourceTree = "<group>"; };
/* End PBXFileReference section */

/* Begin PBXFrameworksBuildPhase section */
		1412D34A2084DAFE008BD01B /* Frameworks */ = {
			isa = PBXFrameworksBuildPhase;
			buildActionMask = 2147483647;
			files = (
			);
			runOnlyForDeploymentPostprocessing = 0;
		};
		1412D3612084DB14008BD01B /* Frameworks */ = {
			isa = PBXFrameworksBuildPhase;
			buildActionMask = 2147483647;
			files = (
			);
			runOnlyForDeploymentPostprocessing = 0;
		};
		1412D36C2084DB14008BD01B /* Frameworks */ = {
			isa = PBXFrameworksBuildPhase;
			buildActionMask = 2147483647;
			files = (
			);
			runOnlyForDeploymentPostprocessing = 0;
		};
/* End PBXFrameworksBuildPhase section */

/* Begin PBXGroup section */
		1412D3442084DAFD008BD01B = {
			isa = PBXGroup;
			children = (
				1412D34F2084DAFE008BD01B /* MovieProject */,
				1412D3672084DB14008BD01B /* MovieProjectTests */,
				1412D3722084DB14008BD01B /* MovieProjectUITests */,
				1412D34E2084DAFE008BD01B /* Products */,
			);
			sourceTree = "<group>";
		};
		1412D34E2084DAFE008BD01B /* Products */ = {
			isa = PBXGroup;
			children = (
				1412D34D2084DAFE008BD01B /* MovieProject.app */,
				1412D3642084DB14008BD01B /* MovieProjectTests.xctest */,
				1412D36F2084DB14008BD01B /* MovieProjectUITests.xctest */,
			);
			name = Products;
			sourceTree = "<group>";
		};
		1412D34F2084DAFE008BD01B /* MovieProject */ = {
			isa = PBXGroup;
			children = (
				1412D3502084DAFE008BD01B /* AppDelegate.swift */,
				1412D3522084DAFE008BD01B /* ViewController.swift */,
				1412D3542084DAFE008BD01B /* Main.storyboard */,
				1412D35A2084DB13008BD01B /* Assets.xcassets */,
				1412D35C2084DB13008BD01B /* LaunchScreen.storyboard */,
				1412D35F2084DB13008BD01B /* Info.plist */,
				1412D3572084DAFE008BD01B /* MovieProject.xcdatamodeld */,
			);
			path = MovieProject;
			sourceTree = "<group>";
		};
		1412D3672084DB14008BD01B /* MovieProjectTests */ = {
			isa = PBXGroup;
			children = (
				1412D3682084DB14008BD01B /* MovieProjectTests.swift */,
				1412D36A2084DB14008BD01B /* Info.plist */,
			);
			path = MovieProjectTests;
			sourceTree = "<group>";
		};
		1412D3722084DB14008BD01B /* MovieProjectUITests */ = {
			isa = PBXGroup;
			children = (
				1412D3732084DB14008BD01B /* MovieProjectUITests.swift */,
				1412D3752084DB14008BD01B /* Info.plist */,
			);
			path = MovieProjectUITests;
			sourceTree = "<group>";
		};
/* End PBXGroup section */

/* Begin PBXNativeTarget section */
		1412D34C2084DAFE008BD01B /* MovieProject */ = {
			isa = PBXNativeTarget;
			buildConfigurationList = 1412D3782084DB14008BD01B /* Build configuration list for PBXNativeTarget "MovieProject" */;
			buildPhases = (
				1412D3492084DAFE008BD01B /* Sources */,
				1412D34A2084DAFE008BD01B /* Frameworks */,
				1412D34B2084DAFE008BD01B /* Resources */,
			);
			buildRules = (
			);
			dependencies = (
			);
			name = MovieProject;
			productName = MovieProject;
			productReference = 1412D34D2084DAFE008BD01B /* MovieProject.app */;
			productType = "com.apple.product-type.application";
		};
		1412D3632084DB14008BD01B /* MovieProjectTests */ = {
			isa = PBXNativeTarget;
			buildConfigurationList = 1412D37B2084DB14008BD01B /* Build configuration list for PBXNativeTarget "MovieProjectTests" */;
			buildPhases = (
				1412D3602084DB14008BD01B /* Sources */,
				1412D3612084DB14008BD01B /* Frameworks */,
				1412D3622084DB14008BD01B /* Resources */,
			);
			buildRules = (
			);
			dependencies = (
				1412D3662084DB14008BD01B /* PBXTargetDependency */,
			);
			name = MovieProjectTests;
			productName = MovieProjectTests;
			productReference = 1412D3642084DB14008BD01B /* MovieProjectTests.xctest */;
			productType = "com.apple.product-type.bundle.unit-test";
		};
		1412D36E2084DB14008BD01B /* MovieProjectUITests */ = {
			isa = PBXNativeTarget;
			buildConfigurationList = 1412D37E2084DB14008BD01B /* Build configuration list for PBXNativeTarget "MovieProjectUITests" */;
			buildPhases = (
				1412D36B2084DB14008BD01B /* Sources */,
				1412D36C2084DB14008BD01B /* Frameworks */,
				1412D36D2084DB14008BD01B /* Resources */,
			);
			buildRules = (
			);
			dependencies = (
				1412D3712084DB14008BD01B /* PBXTargetDependency */,
			);
			name = MovieProjectUITests;
			productName = MovieProjectUITests;
			productReference = 1412D36F2084DB14008BD01B /* MovieProjectUITests.xctest */;
			productType = "com.apple.product-type.bundle.ui-testing";
		};
/* End PBXNativeTarget section */

/* Begin PBXProject section */
		1412D3452084DAFD008BD01B /* Project object */ = {
			isa = PBXProject;
			attributes = {
				LastSwiftUpdateCheck = 0930;
				LastUpgradeCheck = 0930;
				ORGANIZATIONNAME = IbrahimDesouky72;
				TargetAttributes = {
					1412D34C2084DAFE008BD01B = {
						CreatedOnToolsVersion = 9.3;
					};
					1412D3632084DB14008BD01B = {
						CreatedOnToolsVersion = 9.3;
						TestTargetID = 1412D34C2084DAFE008BD01B;
					};
					1412D36E2084DB14008BD01B = {
						CreatedOnToolsVersion = 9.3;
						TestTargetID = 1412D34C2084DAFE008BD01B;
					};
				};
			};
			buildConfigurationList = 1412D3482084DAFD008BD01B /* Build configuration list for PBXProject "MovieProject" */;
			compatibilityVersion = "Xcode 9.3";
			developmentRegion = en;
			hasScannedForEncodings = 0;
			knownRegions = (
				en,
				Base,
			);
			mainGroup = 1412D3442084DAFD008BD01B;
			productRefGroup = 1412D34E2084DAFE008BD01B /* Products */;
			projectDirPath = "";
			projectRoot = "";
			targets = (
				1412D34C2084DAFE008BD01B /* MovieProject */,
				1412D3632084DB14008BD01B /* MovieProjectTests */,
				1412D36E2084DB14008BD01B /* MovieProjectUITests */,
			);
		};
/* End PBXProject section */

/* Begin PBXResourcesBuildPhase section */
		1412D34B2084DAFE008BD01B /* Resources */ = {
			isa = PBXResourcesBuildPhase;
			buildActionMask = 2147483647;
			files = (
				1412D35E2084DB13008BD01B /* LaunchScreen.storyboard in Resources */,
				1412D35B2084DB13008BD01B /* Assets.xcassets in Resources */,
				1412D3562084DAFE008BD01B /* Main.storyboard in Resources */,
			);
			runOnlyForDeploymentPostprocessing = 0;
		};
		1412D3622084DB14008BD01B /* Resources */ = {
			isa = PBXResourcesBuildPhase;
			buildActionMask = 2147483647;
			files = (
			);
			runOnlyForDeploymentPostprocessing = 0;
		};
		1412D36D2084DB14008BD01B /* Resources */ = {
			isa = PBXResourcesBuildPhase;
			buildActionMask = 2147483647;
			files = (
			);
			runOnlyForDeploymentPostprocessing = 0;
		};
/* End PBXResourcesBuildPhase section */

/* Begin PBXSourcesBuildPhase section */
		1412D3492084DAFE008BD01B /* Sources */ = {
			isa = PBXSourcesBuildPhase;
			buildActionMask = 2147483647;
			files = (
				1412D3592084DAFE008BD01B /* MovieProject.xcdatamodeld in Sources */,
				1412D3532084DAFE008BD01B /* ViewController.swift in Sources */,
				1412D3512084DAFE008BD01B /* AppDelegate.swift in Sources */,
			);
			runOnlyForDeploymentPostprocessing = 0;
		};
		1412D3602084DB14008BD01B /* Sources */ = {
			isa = PBXSourcesBuildPhase;
			buildActionMask = 2147483647;
			files = (
				1412D3692084DB14008BD01B /* MovieProjectTests.swift in Sources */,
			);
			runOnlyForDeploymentPostprocessing = 0;
		};
		1412D36B2084DB14008BD01B /* Sources */ = {
			isa = PBXSourcesBuildPhase;
			buildActionMask = 2147483647;
			files = (
				1412D3742084DB14008BD01B /* MovieProjectUITests.swift in Sources */,
			);
			runOnlyForDeploymentPostprocessing = 0;
		};
/* End PBXSourcesBuildPhase section */

/* Begin PBXTargetDependency section */
		1412D3662084DB14008BD01B /* PBXTargetDependency */ = {
			isa = PBXTargetDependency;
			target = 1412D34C2084DAFE008BD01B /* MovieProject */;
			targetProxy = 1412D3652084DB14008BD01B /* PBXContainerItemProxy */;
		};
		1412D3712084DB14008BD01B /* PBXTargetDependency */ = {
			isa = PBXTargetDependency;
			target = 1412D34C2084DAFE008BD01B /* MovieProject */;
			targetProxy = 1412D3702084DB14008BD01B /* PBXContainerItemProxy */;
		};
/* End PBXTargetDependency section */

/* Begin PBXVariantGroup section */
		1412D3542084DAFE008BD01B /* Main.storyboard */ = {
			isa = PBXVariantGroup;
			children = (
				1412D3552084DAFE008BD01B /* Base */,
			);
			name = Main.storyboard;
			sourceTree = "<group>";
		};
		1412D35C2084DB13008BD01B /* LaunchScreen.storyboard */ = {
			isa = PBXVariantGroup;
			children = (
				1412D35D2084DB13008BD01B /* Base */,
			);
			name = LaunchScreen.storyboard;
			sourceTree = "<group>";
		};
/* End PBXVariantGroup section */

/* Begin XCBuildConfiguration section */
		1412D3762084DB14008BD01B /* Debug */ = {
			isa = XCBuildConfiguration;
			buildSettings = {
				ALWAYS_SEARCH_USER_PATHS = NO;
				CLANG_ANALYZER_NONNULL = YES;
				CLANG_ANALYZER_NUMBER_OBJECT_CONVERSION = YES_AGGRESSIVE;
				CLANG_CXX_LANGUAGE_STANDARD = "gnu++14";
				CLANG_CXX_LIBRARY = "libc++";
				CLANG_ENABLE_MODULES = YES;
				CLANG_ENABLE_OBJC_ARC = YES;
				CLANG_ENABLE_OBJC_WEAK = YES;
				CLANG_WARN_BLOCK_CAPTURE_AUTORELEASING = YES;
				CLANG_WARN_BOOL_CONVERSION = YES;
				CLANG_WARN_COMMA = YES;
				CLANG_WARN_CONSTANT_CONVERSION = YES;
				CLANG_WARN_DEPRECATED_OBJC_IMPLEMENTATIONS = YES;
				CLANG_WARN_DIRECT_OBJC_ISA_USAGE = YES_ERROR;
				CLANG_WARN_DOCUMENTATION_COMMENTS = YES;
				CLANG_WARN_EMPTY_BODY = YES;
				CLANG_WARN_ENUM_CONVERSION = YES;
				CLANG_WARN_INFINITE_RECURSION = YES;
				CLANG_WARN_INT_CONVERSION = YES;
				CLANG_WARN_NON_LITERAL_NULL_CONVERSION = YES;
				CLANG_WARN_OBJC_IMPLICIT_RETAIN_SELF = YES;
				CLANG_WARN_OBJC_LITERAL_CONVERSION = YES;
				CLANG_WARN_OBJC_ROOT_CLASS = YES_ERROR;
				CLANG_WARN_RANGE_LOOP_ANALYSIS = YES;
				CLANG_WARN_STRICT_PROTOTYPES = YES;
				CLANG_WARN_SUSPICIOUS_MOVE = YES;
				CLANG_WARN_UNGUARDED_AVAILABILITY = YES_AGGRESSIVE;
				CLANG_WARN_UNREACHABLE_CODE = YES;
				CLANG_WARN__DUPLICATE_METHOD_MATCH = YES;
				CODE_SIGN_IDENTITY = "iPhone Developer";
				COPY_PHASE_STRIP = NO;
				DEBUG_INFORMATION_FORMAT = dwarf;
				ENABLE_STRICT_OBJC_MSGSEND = YES;
				ENABLE_TESTABILITY = YES;
				GCC_C_LANGUAGE_STANDARD = gnu11;
				GCC_DYNAMIC_NO_PIC = NO;
				GCC_NO_COMMON_BLOCKS = YES;
				GCC_OPTIMIZATION_LEVEL = 0;
				GCC_PREPROCESSOR_DEFINITIONS = (
					"DEBUG=1",
					"$(inherited)",
				);
				GCC_WARN_64_TO_32_BIT_CONVERSION = YES;
				GCC_WARN_ABOUT_RETURN_TYPE = YES_ERROR;
				GCC_WARN_UNDECLARED_SELECTOR = YES;
				GCC_WARN_UNINITIALIZED_AUTOS = YES_AGGRESSIVE;
				GCC_WARN_UNUSED_FUNCTION = YES;
				GCC_WARN_UNUSED_VARIABLE = YES;
				IPHONEOS_DEPLOYMENT_TARGET = 11.3;
				MTL_ENABLE_DEBUG_INFO = YES;
				ONLY_ACTIVE_ARCH = YES;
				SDKROOT = iphoneos;
				SWIFT_ACTIVE_COMPILATION_CONDITIONS = DEBUG;
				SWIFT_OPTIMIZATION_LEVEL = "-Onone";
			};
			name = Debug;
		};
		1412D3772084DB14008BD01B /* Release */ = {
			isa = XCBuildConfiguration;
			buildSettings = {
				ALWAYS_SEARCH_USER_PATHS = NO;
				CLANG_ANALYZER_NONNULL = YES;
				CLANG_ANALYZER_NUMBER_OBJECT_CONVERSION = YES_AGGRESSIVE;
				CLANG_CXX_LANGUAGE_STANDARD = "gnu++14";
				CLANG_CXX_LIBRARY = "libc++";
				CLANG_ENABLE_MODULES = YES;
				CLANG_ENABLE_OBJC_ARC = YES;
				CLANG_ENABLE_OBJC_WEAK = YES;
				CLANG_WARN_BLOCK_CAPTURE_AUTORELEASING = YES;
				CLANG_WARN_BOOL_CONVERSION = YES;
				CLANG_WARN_COMMA = YES;
				CLANG_WARN_CONSTANT_CONVERSION = YES;
				CLANG_WARN_DEPRECATED_OBJC_IMPLEMENTATIONS = YES;
				CLANG_WARN_DIRECT_OBJC_ISA_USAGE = YES_ERROR;
				CLANG_WARN_DOCUMENTATION_COMMENTS = YES;
				CLANG_WARN_EMPTY_BODY = YES;
				CLANG_WARN_ENUM_CONVERSION = YES;
				CLANG_WARN_INFINITE_RECURSION = YES;
				CLANG_WARN_INT_CONVERSION = YES;
				CLANG_WARN_NON_LITERAL_NULL_CONVERSION = YES;
				CLANG_WARN_OBJC_IMPLICIT_RETAIN_SELF = YES;
				CLANG_WARN_OBJC_LITERAL_CONVERSION = YES;
				CLANG_WARN_OBJC_ROOT_CLASS = YES_ERROR;
				CLANG_WARN_RANGE_LOOP_ANALYSIS = YES;
				CLANG_WARN_STRICT_PROTOTYPES = YES;
				CLANG_WARN_SUSPICIOUS_MOVE = YES;
				CLANG_WARN_UNGUARDED_AVAILABILITY = YES_AGGRESSIVE;
				CLANG_WARN_UNREACHABLE_CODE = YES;
				CLANG_WARN__DUPLICATE_METHOD_MATCH = YES;
				CODE_SIGN_IDENTITY = "iPhone Developer";
				COPY_PHASE_STRIP = NO;
				DEBUG_INFORMATION_FORMAT = "dwarf-with-dsym";
				ENABLE_NS_ASSERTIONS = NO;
				ENABLE_STRICT_OBJC_MSGSEND = YES;
				GCC_C_LANGUAGE_STANDARD = gnu11;
				GCC_NO_COMMON_BLOCKS = YES;
				GCC_WARN_64_TO_32_BIT_CONVERSION = YES;
				GCC_WARN_ABOUT_RETURN_TYPE = YES_ERROR;
				GCC_WARN_UNDECLARED_SELECTOR = YES;
				GCC_WARN_UNINITIALIZED_AUTOS = YES_AGGRESSIVE;
				GCC_WARN_UNUSED_FUNCTION = YES;
				GCC_WARN_UNUSED_VARIABLE = YES;
				IPHONEOS_DEPLOYMENT_TARGET = 11.3;
				MTL_ENABLE_DEBUG_INFO = NO;
				SDKROOT = iphoneos;
				SWIFT_COMPILATION_MODE = wholemodule;
				SWIFT_OPTIMIZATION_LEVEL = "-O";
				VALIDATE_PRODUCT = YES;
			};
			name = Release;
		};
		1412D3792084DB14008BD01B /* Debug */ = {
			isa = XCBuildConfiguration;
			buildSettings = {
				ASSETCATALOG_COMPILER_APPICON_NAME = AppIcon;
				CODE_SIGN_STYLE = Automatic;
				INFOPLIST_FILE = MovieProject/Info.plist;
				LD_RUNPATH_SEARCH_PATHS = (
					"$(inherited)",
					"@executable_path/Frameworks",
				);
				PRODUCT_BUNDLE_IDENTIFIER = com.ITI.MovieProject;
				PRODUCT_NAME = "$(TARGET_NAME)";
				SWIFT_VERSION = 4.0;
				TARGETED_DEVICE_FAMILY = "1,2";
			};
			name = Debug;
		};
		1412D37A2084DB14008BD01B /* Release */ = {
			isa = XCBuildConfiguration;
			buildSettings = {
				ASSETCATALOG_COMPILER_APPICON_NAME = AppIcon;
				CODE_SIGN_STYLE = Automatic;
				INFOPLIST_FILE = MovieProject/Info.plist;
				LD_RUNPATH_SEARCH_PATHS = (
					"$(inherited)",
					"@executable_path/Frameworks",
				);
				PRODUCT_BUNDLE_IDENTIFIER = com.ITI.MovieProject;
				PRODUCT_NAME = "$(TARGET_NAME)";
				SWIFT_VERSION = 4.0;
				TARGETED_DEVICE_FAMILY = "1,2";
			};
			name = Release;
		};
		1412D37C2084DB14008BD01B /* Debug */ = {
			isa = XCBuildConfiguration;
			buildSettings = {
				ALWAYS_EMBED_SWIFT_STANDARD_LIBRARIES = YES;
				BUNDLE_LOADER = "$(TEST_HOST)";
				CODE_SIGN_STYLE = Automatic;
				INFOPLIST_FILE = MovieProjectTests/Info.plist;
				LD_RUNPATH_SEARCH_PATHS = (
					"$(inherited)",
					"@executable_path/Frameworks",
					"@loader_path/Frameworks",
				);
				PRODUCT_BUNDLE_IDENTIFIER = com.ITI.MovieProjectTests;
				PRODUCT_NAME = "$(TARGET_NAME)";
				SWIFT_VERSION = 4.0;
				TARGETED_DEVICE_FAMILY = "1,2";
				TEST_HOST = "$(BUILT_PRODUCTS_DIR)/MovieProject.app/MovieProject";
			};
			name = Debug;
		};
		1412D37D2084DB14008BD01B /* Release */ = {
			isa = XCBuildConfiguration;
			buildSettings = {
				ALWAYS_EMBED_SWIFT_STANDARD_LIBRARIES = YES;
				BUNDLE_LOADER = "$(TEST_HOST)";
				CODE_SIGN_STYLE = Automatic;
				INFOPLIST_FILE = MovieProjectTests/Info.plist;
				LD_RUNPATH_SEARCH_PATHS = (
					"$(inherited)",
					"@executable_path/Frameworks",
					"@loader_path/Frameworks",
				);
				PRODUCT_BUNDLE_IDENTIFIER = com.ITI.MovieProjectTests;
				PRODUCT_NAME = "$(TARGET_NAME)";
				SWIFT_VERSION = 4.0;
				TARGETED_DEVICE_FAMILY = "1,2";
				TEST_HOST = "$(BUILT_PRODUCTS_DIR)/MovieProject.app/MovieProject";
			};
			name = Release;
		};
		1412D37F2084DB14008BD01B /* Debug */ = {
			isa = XCBuildConfiguration;
			buildSettings = {
				ALWAYS_EMBED_SWIFT_STANDARD_LIBRARIES = YES;
				CODE_SIGN_STYLE = Automatic;
				INFOPLIST_FILE = MovieProjectUITests/Info.plist;
				LD_RUNPATH_SEARCH_PATHS = (
					"$(inherited)",
					"@executable_path/Frameworks",
					"@loader_path/Frameworks",
				);
				PRODUCT_BUNDLE_IDENTIFIER = com.ITI.MovieProjectUITests;
				PRODUCT_NAME = "$(TARGET_NAME)";
				SWIFT_VERSION = 4.0;
				TARGETED_DEVICE_FAMILY = "1,2";
				TEST_TARGET_NAME = MovieProject;
			};
			name = Debug;
		};
		1412D3802084DB14008BD01B /* Release */ = {
			isa = XCBuildConfiguration;
			buildSettings = {
				ALWAYS_EMBED_SWIFT_STANDARD_LIBRARIES = YES;
				CODE_SIGN_STYLE = Automatic;
				INFOPLIST_FILE = MovieProjectUITests/Info.plist;
				LD_RUNPATH_SEARCH_PATHS = (
					"$(inherited)",
					"@executable_path/Frameworks",
					"@loader_path/Frameworks",
				);
				PRODUCT_BUNDLE_IDENTIFIER = com.ITI.MovieProjectUITests;
				PRODUCT_NAME = "$(TARGET_NAME)";
				SWIFT_VERSION = 4.0;
				TARGETED_DEVICE_FAMILY = "1,2";
				TEST_TARGET_NAME = MovieProject;
			};
			name = Release;
		};
/* End XCBuildConfiguration section */

/* Begin XCConfigurationList section */
		1412D3482084DAFD008BD01B /* Build configuration list for PBXProject "MovieProject" */ = {
			isa = XCConfigurationList;
			buildConfigurations = (
				1412D3762084DB14008BD01B /* Debug */,
				1412D3772084DB14008BD01B /* Release */,
			);
			defaultConfigurationIsVisible = 0;
			defaultConfigurationName = Release;
		};
		1412D3782084DB14008BD01B /* Build configuration list for PBXNativeTarget "MovieProject" */ = {
			isa = XCConfigurationList;
			buildConfigurations = (
				1412D3792084DB14008BD01B /* Debug */,
				1412D37A2084DB14008BD01B /* Release */,
			);
			defaultConfigurationIsVisible = 0;
			defaultConfigurationName = Release;
		};
		1412D37B2084DB14008BD01B /* Build configuration list for PBXNativeTarget "MovieProjectTests" */ = {
			isa = XCConfigurationList;
			buildConfigurations = (
				1412D37C2084DB14008BD01B /* Debug */,
				1412D37D2084DB14008BD01B /* Release */,
			);
			defaultConfigurationIsVisible = 0;
			defaultConfigurationName = Release;
		};
		1412D37E2084DB14008BD01B /* Build configuration list for PBXNativeTarget "MovieProjectUITests" */ = {
			isa = XCConfigurationList;
			buildConfigurations = (
				1412D37F2084DB14008BD01B /* Debug */,
				1412D3802084DB14008BD01B /* Release */,
			);
			defaultConfigurationIsVisible = 0;
			defaultConfigurationName = Release;
		};
/* End XCConfigurationList section */

/* Begin XCVersionGroup section */
		1412D3572084DAFE008BD01B /* MovieProject.xcdatamodeld */ = {
			isa = XCVersionGroup;
			children = (
				1412D3582084DAFE008BD01B /* MovieProject.xcdatamodel */,
			);
			currentVersion = 1412D3582084DAFE008BD01B /* MovieProject.xcdatamodel */;
			path = MovieProject.xcdatamodeld;
			sourceTree = "<group>";
			versionGroupType = wrapper.xcdatamodel;
		};
/* End XCVersionGroup section */
	};
	rootObject = 1412D3452084DAFD008BD01B /* Project object */;
}
